<?xml version="1.0" encoding="UTF-8"?>
<Scheme
   LastUpgradeVersion = "0820"
   version = "1.3">
   <BuildAction
      parallelizeBuildables = "YES"
      buildImplicitDependencies = "YES">
      <BuildActionEntries>
         <BuildActionEntry
            buildForTesting = "YES"
            buildForRunning = "YES"
            buildForProfiling = "YES"
            buildForArchiving = "YES"
            buildForAnalyzing = "YES">
            <BuildableReference
               BuildableIdentifier = "primary"
               BlueprintIdentifier = "8816D9F622CE828400A18BF3"
               BuildableName = "Flappy Bird by Artvel (Program).app"
               BlueprintName = "Flappy Bird by Artvel (Program)"
               ReferencedContainer = "container:Flappy Bird by Artvel (Program).xcodeproj">
            </BuildableReference>
         </BuildActionEntry>
      </BuildActionEntries>
   </BuildAction>
   <TestAction
      buildConfiguration = "Debug"
      selectedDebuggerIdentifier = "Xcode.DebuggerFoundation.Debugger.LLDB"
      selectedLauncherIdentifier = "Xcode.DebuggerFoundation.Launcher.LLDB"
      shouldUseLaunchSchemeArgsEnv = "YES">
      <Testables>
         <TestableReference
            skipped = "NO">
            <BuildableReference
               BuildableIdentifier = "primary"
               BlueprintIdentifier = "8816DA0F22CE828400A18BF3"
               BuildableName = "Flappy Bird by Artvel (Program)Tests.xctest"
               BlueprintName = "Flappy Bird by Artvel (Program)Tests"
               ReferencedContainer = "container:Flappy Bird by Artvel (Program).xcodeproj">
            </BuildableReference>
         </TestableReference>
         <TestableReference
            skipped = "NO">
            <BuildableReference
               BuildableIdentifier = "primary"
               BlueprintIdentifier = "8816DA1A22CE828400A18BF3"
               BuildableName = "Flappy Bird by Artvel (Program)UITests.xctest"
               BlueprintName = "Flappy Bird by Artvel (Program)UITests"
               ReferencedContainer = "container:Flappy Bird by Artvel (Program).xcodeproj">
            </BuildableReference>
         </TestableReference>
      </Testables>
      <MacroExpansion>
         <BuildableReference
            BuildableIdentifier = "primary"
            BlueprintIdentifier = "8816D9F622CE828400A18BF3"
            BuildableName = "Flappy Bird by Artvel (Program).app"
            BlueprintName = "Flappy Bird by Artvel (Program)"
            ReferencedContainer = "container:Flappy Bird by Artvel (Program).xcodeproj">
         </BuildableReference>
      </MacroExpansion>
      <AdditionalOptions>
      </AdditionalOptions>
   </TestAction>
   <LaunchAction
      buildConfiguration = "Debug"
      selectedDebuggerIdentifier = "Xcode.DebuggerFoundation.Debugger.LLDB"
      selectedLauncherIdentifier = "Xcode.DebuggerFoundation.Launcher.LLDB"
      launchStyle = "0"
      useCustomWorkingDirectory = "NO"
      ignoresPersistentStateOnLaunch = "NO"
      debugDocumentVersioning = "YES"
      debugServiceExtension = "internal"
      allowLocationSimulation = "YES">
      <BuildableProductRunnable
         runnableDebuggingMode = "0">
         <BuildableReference
            BuildableIdentifier = "primary"
            BlueprintIdentifier = "8816D9F622CE828400A18BF3"
            BuildableName = "Flappy Bird by Artvel (Program).app"
            BlueprintName = "Flappy Bird by Artvel (Program)"
            ReferencedContainer = "container:Flappy Bird by Artvel (Program).xcodeproj">
         </BuildableReference>
      </BuildableProductRunnable>
      <AdditionalOptions>
      </AdditionalOptions>
   </LaunchAction>
   <ProfileAction
      buildConfiguration = "Release"
      shouldUseLaunchSchemeArgsEnv = "YES"
      savedToolIdentifier = ""
      useCustomWorkingDirectory = "NO"
      debugDocumentVersioning = "YES">
      <BuildableProductRunnable
         runnableDebuggingMode = "0">
         <BuildableReference
            BuildableIdentifier = "primary"
            BlueprintIdentifier = "8816D9F622CE828400A18BF3"
            BuildableName = "Flappy Bird by Artvel (Program).app"
            BlueprintName = "Flappy Bird by Artvel (Program)"
            ReferencedContainer = "container:Flappy Bird by Artvel (Program).xcodeproj">
         </BuildableReference>
      </BuildableProductRunnable>
   </ProfileAction>
   <AnalyzeAction
      buildConfiguration = "Debug">
   </AnalyzeAction>
   <ArchiveAction
      buildConfiguration = "Release"
      revealArchiveInOrganizer = "YES">
   </ArchiveAction>
</Scheme>
